// !$*UTF8*$!
{
	archiveVersion = 1;
	classes = {
	};
	objectVersion = 56;
	objects = {

/* Begin PBXBuildFile section */
		BE2097B82EA677B6000039B1 /* ResponceAsync.swift in Sources */ = {isa = PBXBuildFile; fileRef = BE2097B72EA677B6000039B1 /* ResponceAsync.swift */; };
		BE2097BA2EA677C3000039B1 /* NetworkManagerAsync.swift in Sources */ = {isa = PBXBuildFile; fileRef = BE2097B92EA677C3000039B1 /* NetworkManagerAsync.swift */; };
		BE3E999E2EBB863900A1719D /* ProductCardView.swift in Sources */ = {isa = PBXBuildFile; fileRef = BE3E999D2EBB863900A1719D /* ProductCardView.swift */; };
		BE3E99A02EBB88EF00A1719D /* LoginView.swift in Sources */ = {isa = PBXBuildFile; fileRef = BE3E999F2EBB88EF00A1719D /* LoginView.swift */; };
		BE3E99A22EBB891400A1719D /* InputView.swift in Sources */ = {isa = PBXBuildFile; fileRef = BE3E99A12EBB891400A1719D /* InputView.swift */; };
		BE3E99A42EBB8ABA00A1719D /* RegistrationView.swift in Sources */ = {isa = PBXBuildFile; fileRef = BE3E99A32EBB8ABA00A1719D /* RegistrationView.swift */; };
		BE3E99AC2EBB9AD700A1719D /* ProfileView.swift in Sources */ = {isa = PBXBuildFile; fileRef = BE3E99AB2EBB9AD700A1719D /* ProfileView.swift */; };
		BE3E99AE2EBBA0AC00A1719D /* SettingsView.swift in Sources */ = {isa = PBXBuildFile; fileRef = BE3E99AD2EBBA0AC00A1719D /* SettingsView.swift */; };
		BE5A186D2EBE677800B85364 /* AuthViewModel.swift in Sources */ = {isa = PBXBuildFile; fileRef = BE5A186C2EBE677800B85364 /* AuthViewModel.swift */; };
		BE5BD7DB2E9516500069EEAC /* TravelAppSwiftUIApp.swift in Sources */ = {isa = PBXBuildFile; fileRef = BE5BD7DA2E9516500069EEAC /* TravelAppSwiftUIApp.swift */; };
		BE5BD7DF2E9516530069EEAC /* Assets.xcassets in Resources */ = {isa = PBXBuildFile; fileRef = BE5BD7DE2E9516530069EEAC /* Assets.xcassets */; };
		BE5BD7E22E9516530069EEAC /* Preview Assets.xcassets in Resources */ = {isa = PBXBuildFile; fileRef = BE5BD7E12E9516530069EEAC /* Preview Assets.xcassets */; };
		BE5BD7EF2E9517A20069EEAC /* ContentView.swift in Sources */ = {isa = PBXBuildFile; fileRef = BE5BD7DC2E9516500069EEAC /* ContentView.swift */; };
		BE5BD7FA2E951BB00069EEAC /* SourceSans3-VariableFont.ttf in Resources */ = {isa = PBXBuildFile; fileRef = BE5BD7F82E951BB00069EEAC /* SourceSans3-VariableFont.ttf */; };
		BE5BD7FB2E951BB00069EEAC /* Merriweather-VariableFont.ttf in Resources */ = {isa = PBXBuildFile; fileRef = BE5BD7F92E951BB00069EEAC /* Merriweather-VariableFont.ttf */; };
		BE5BD7FD2E951C150069EEAC /* FontProvider.swift in Sources */ = {isa = PBXBuildFile; fileRef = BE5BD7FC2E951C150069EEAC /* FontProvider.swift */; };
		BE5BD7FF2E9690000069EEAC /* DiscoverView.swift in Sources */ = {isa = PBXBuildFile; fileRef = BE5BD7FE2E9690000069EEAC /* DiscoverView.swift */; };
		BE5BD8012E9690990069EEAC /* Screen.swift in Sources */ = {isa = PBXBuildFile; fileRef = BE5BD8002E9690990069EEAC /* Screen.swift */; };
		BE5BD8032E96ABB60069EEAC /* Category.swift in Sources */ = {isa = PBXBuildFile; fileRef = BE5BD8022E96ABB60069EEAC /* Category.swift */; };
		BE5BD8052E96AD0B0069EEAC /* DiscoverViewModel.swift in Sources */ = {isa = PBXBuildFile; fileRef = BE5BD8042E96AD0B0069EEAC /* DiscoverViewModel.swift */; };
		BE5BD8072E97C52C0069EEAC /* Product.swift in Sources */ = {isa = PBXBuildFile; fileRef = BE5BD8062E97C52C0069EEAC /* Product.swift */; };
		BEA53EE92EB8DF0C0082D22D /* LikesStorage.swift in Sources */ = {isa = PBXBuildFile; fileRef = BEA53EE82EB8DF0C0082D22D /* LikesStorage.swift */; };
		BEC782E62EA7F34E00D8F878 /* Kingfisher in Frameworks */ = {isa = PBXBuildFile; productRef = BEC782E52EA7F34E00D8F878 /* Kingfisher */; };
		BEE3E4AE2EBE17A50089B06E /* FirebaseAuth in Frameworks */ = {isa = PBXBuildFile; productRef = BEE3E4AD2EBE17A50089B06E /* FirebaseAuth */; };
		BEE3E4B02EBE17A50089B06E /* FirebaseCore in Frameworks */ = {isa = PBXBuildFile; productRef = BEE3E4AF2EBE17A50089B06E /* FirebaseCore */; };
		BEE3E4B22EBE17A50089B06E /* FirebaseDatabase in Frameworks */ = {isa = PBXBuildFile; productRef = BEE3E4B12EBE17A50089B06E /* FirebaseDatabase */; };
		BEE3E4B42EBE17A50089B06E /* FirebaseFirestore in Frameworks */ = {isa = PBXBuildFile; productRef = BEE3E4B32EBE17A50089B06E /* FirebaseFirestore */; };
		BEE3E4B62EBE17A50089B06E /* FirebaseStorage in Frameworks */ = {isa = PBXBuildFile; productRef = BEE3E4B52EBE17A50089B06E /* FirebaseStorage */; };
		BEE8B2712EBE02A6001A097A /* User.swift in Sources */ = {isa = PBXBuildFile; fileRef = BEE8B2702EBE02A6001A097A /* User.swift */; };
		BEE8B2732EBE0927001A097A /* GoogleService-Info.plist in Resources */ = {isa = PBXBuildFile; fileRef = BEE8B2722EBE0926001A097A /* GoogleService-Info.plist */; };
		BEF7E5122E993392003DFEE0 /* PageControl.swift in Sources */ = {isa = PBXBuildFile; fileRef = BEF7E5112E993392003DFEE0 /* PageControl.swift */; };
		BEF7E5142E9D15E2003DFEE0 /* ProductCardSize.swift in Sources */ = {isa = PBXBuildFile; fileRef = BEF7E5132E9D15E2003DFEE0 /* ProductCardSize.swift */; };
		BEF7E5162E9EBFD8003DFEE0 /* ProductDetailView.swift in Sources */ = {isa = PBXBuildFile; fileRef = BEF7E5152E9EBFD8003DFEE0 /* ProductDetailView.swift */; };
		BEF7E51A2EA12E50003DFEE0 /* RatingView.swift in Sources */ = {isa = PBXBuildFile; fileRef = BEF7E5192EA12E50003DFEE0 /* RatingView.swift */; };
/* End PBXBuildFile section */

/* Begin PBXFileReference section */
		BE2097B72EA677B6000039B1 /* ResponceAsync.swift */ = {isa = PBXFileReference; lastKnownFileType = sourcecode.swift; path = ResponceAsync.swift; sourceTree = "<group>"; };
		BE2097B92EA677C3000039B1 /* NetworkManagerAsync.swift */ = {isa = PBXFileReference; lastKnownFileType = sourcecode.swift; path = NetworkManagerAsync.swift; sourceTree = "<group>"; };
		BE3E999D2EBB863900A1719D /* ProductCardView.swift */ = {isa = PBXFileReference; lastKnownFileType = sourcecode.swift; path = ProductCardView.swift; sourceTree = "<group>"; };
		BE3E999F2EBB88EF00A1719D /* LoginView.swift */ = {isa = PBXFileReference; lastKnownFileType = sourcecode.swift; path = LoginView.swift; sourceTree = "<group>"; };
		BE3E99A12EBB891400A1719D /* InputView.swift */ = {isa = PBXFileReference; lastKnownFileType = sourcecode.swift; path = InputView.swift; sourceTree = "<group>"; };
		BE3E99A32EBB8ABA00A1719D /* RegistrationView.swift */ = {isa = PBXFileReference; lastKnownFileType = sourcecode.swift; path = RegistrationView.swift; sourceTree = "<group>"; };
		BE3E99AB2EBB9AD700A1719D /* ProfileView.swift */ = {isa = PBXFileReference; lastKnownFileType = sourcecode.swift; path = ProfileView.swift; sourceTree = "<group>"; };
		BE3E99AD2EBBA0AC00A1719D /* SettingsView.swift */ = {isa = PBXFileReference; lastKnownFileType = sourcecode.swift; path = SettingsView.swift; sourceTree = "<group>"; };
		BE5A186C2EBE677800B85364 /* AuthViewModel.swift */ = {isa = PBXFileReference; lastKnownFileType = sourcecode.swift; path = AuthViewModel.swift; sourceTree = "<group>"; };
		BE5BD7D72E9516500069EEAC /* TravelAppSwiftUI.app */ = {isa = PBXFileReference; explicitFileType = wrapper.application; includeInIndex = 0; path = TravelAppSwiftUI.app; sourceTree = BUILT_PRODUCTS_DIR; };
		BE5BD7DA2E9516500069EEAC /* TravelAppSwiftUIApp.swift */ = {isa = PBXFileReference; lastKnownFileType = sourcecode.swift; path = TravelAppSwiftUIApp.swift; sourceTree = "<group>"; };
		BE5BD7DC2E9516500069EEAC /* ContentView.swift */ = {isa = PBXFileReference; lastKnownFileType = sourcecode.swift; path = ContentView.swift; sourceTree = "<group>"; usesTabs = 0; };
		BE5BD7DE2E9516530069EEAC /* Assets.xcassets */ = {isa = PBXFileReference; lastKnownFileType = folder.assetcatalog; path = Assets.xcassets; sourceTree = "<group>"; };
		BE5BD7E12E9516530069EEAC /* Preview Assets.xcassets */ = {isa = PBXFileReference; lastKnownFileType = folder.assetcatalog; path = "Preview Assets.xcassets"; sourceTree = "<group>"; };
		BE5BD7F72E9519950069EEAC /* Info.plist */ = {isa = PBXFileReference; lastKnownFileType = text.plist.xml; path = Info.plist; sourceTree = "<group>"; };
		BE5BD7F82E951BB00069EEAC /* SourceSans3-VariableFont.ttf */ = {isa = PBXFileReference; lastKnownFileType = file; path = "SourceSans3-VariableFont.ttf"; sourceTree = "<group>"; };
		BE5BD7F92E951BB00069EEAC /* Merriweather-VariableFont.ttf */ = {isa = PBXFileReference; lastKnownFileType = file; path = "Merriweather-VariableFont.ttf"; sourceTree = "<group>"; };
		BE5BD7FC2E951C150069EEAC /* FontProvider.swift */ = {isa = PBXFileReference; lastKnownFileType = sourcecode.swift; path = FontProvider.swift; sourceTree = "<group>"; };
		BE5BD7FE2E9690000069EEAC /* DiscoverView.swift */ = {isa = PBXFileReference; lastKnownFileType = sourcecode.swift; path = DiscoverView.swift; sourceTree = "<group>"; };
		BE5BD8002E9690990069EEAC /* Screen.swift */ = {isa = PBXFileReference; lastKnownFileType = sourcecode.swift; path = Screen.swift; sourceTree = "<group>"; };
		BE5BD8022E96ABB60069EEAC /* Category.swift */ = {isa = PBXFileReference; lastKnownFileType = sourcecode.swift; path = Category.swift; sourceTree = "<group>"; };
		BE5BD8042E96AD0B0069EEAC /* DiscoverViewModel.swift */ = {isa = PBXFileReference; lastKnownFileType = sourcecode.swift; path = DiscoverViewModel.swift; sourceTree = "<group>"; };
		BE5BD8062E97C52C0069EEAC /* Product.swift */ = {isa = PBXFileReference; lastKnownFileType = sourcecode.swift; path = Product.swift; sourceTree = "<group>"; };
		BEA53EE82EB8DF0C0082D22D /* LikesStorage.swift */ = {isa = PBXFileReference; lastKnownFileType = sourcecode.swift; path = LikesStorage.swift; sourceTree = "<group>"; };
		BEE8B2702EBE02A6001A097A /* User.swift */ = {isa = PBXFileReference; lastKnownFileType = sourcecode.swift; path = User.swift; sourceTree = "<group>"; };
		BEE8B2722EBE0926001A097A /* GoogleService-Info.plist */ = {isa = PBXFileReference; fileEncoding = 4; lastKnownFileType = text.plist.xml; path = "GoogleService-Info.plist"; sourceTree = "<group>"; };
		BEF7E5112E993392003DFEE0 /* PageControl.swift */ = {isa = PBXFileReference; lastKnownFileType = sourcecode.swift; path = PageControl.swift; sourceTree = "<group>"; };
		BEF7E5132E9D15E2003DFEE0 /* ProductCardSize.swift */ = {isa = PBXFileReference; lastKnownFileType = sourcecode.swift; path = ProductCardSize.swift; sourceTree = "<group>"; };
		BEF7E5152E9EBFD8003DFEE0 /* ProductDetailView.swift */ = {isa = PBXFileReference; lastKnownFileType = sourcecode.swift; path = ProductDetailView.swift; sourceTree = "<group>"; };
		BEF7E5192EA12E50003DFEE0 /* RatingView.swift */ = {isa = PBXFileReference; lastKnownFileType = sourcecode.swift; path = RatingView.swift; sourceTree = "<group>"; };
/* End PBXFileReference section */

/* Begin PBXFrameworksBuildPhase section */
		BE5BD7D42E9516500069EEAC /* Frameworks */ = {
			isa = PBXFrameworksBuildPhase;
			buildActionMask = 2147483647;
			files = (
				BEC782E62EA7F34E00D8F878 /* Kingfisher in Frameworks */,
				BEE3E4B02EBE17A50089B06E /* FirebaseCore in Frameworks */,
				BEE3E4B22EBE17A50089B06E /* FirebaseDatabase in Frameworks */,
				BEE3E4B42EBE17A50089B06E /* FirebaseFirestore in Frameworks */,
				BEE3E4AE2EBE17A50089B06E /* FirebaseAuth in Frameworks */,
				BEE3E4B62EBE17A50089B06E /* FirebaseStorage in Frameworks */,
			);
			runOnlyForDeploymentPostprocessing = 0;
		};
/* End PBXFrameworksBuildPhase section */

/* Begin PBXGroup section */
		BE2097B62EA6773D000039B1 /* NetworkManager */ = {
			isa = PBXGroup;
			children = (
				BE2097B92EA677C3000039B1 /* NetworkManagerAsync.swift */,
			);
			path = NetworkManager;
			sourceTree = "<group>";
		};
		BE3E99A52EBB99BB00A1719D /* LoginModule */ = {
			isa = PBXGroup;
			children = (
				BE3E99A82EBB99CD00A1719D /* ViewModel */,
				BE3E99A72EBB99C800A1719D /* View */,
				BE3E99A62EBB99C300A1719D /* Model */,
			);
			path = LoginModule;
			sourceTree = "<group>";
		};
		BE3E99A62EBB99C300A1719D /* Model */ = {
			isa = PBXGroup;
			children = (
				BEE8B2702EBE02A6001A097A /* User.swift */,
			);
			path = Model;
			sourceTree = "<group>";
		};
		BE3E99A72EBB99C800A1719D /* View */ = {
			isa = PBXGroup;
			children = (
				BE3E999F2EBB88EF00A1719D /* LoginView.swift */,
				BE3E99A32EBB8ABA00A1719D /* RegistrationView.swift */,
				BE3E99AB2EBB9AD700A1719D /* ProfileView.swift */,
				BE3E99A92EBB99D600A1719D /* Components */,
			);
			path = View;
			sourceTree = "<group>";
		};
		BE3E99A82EBB99CD00A1719D /* ViewModel */ = {
			isa = PBXGroup;
			children = (
				BE5A186C2EBE677800B85364 /* AuthViewModel.swift */,
			);
			path = ViewModel;
			sourceTree = "<group>";
		};
		BE3E99A92EBB99D600A1719D /* Components */ = {
			isa = PBXGroup;
			children = (
				BE3E99A12EBB891400A1719D /* InputView.swift */,
				BE3E99AD2EBBA0AC00A1719D /* SettingsView.swift */,
			);
			path = Components;
			sourceTree = "<group>";
		};
		BE3E99AA2EBB9A3600A1719D /* App */ = {
			isa = PBXGroup;
			children = (
				BE5BD7DA2E9516500069EEAC /* TravelAppSwiftUIApp.swift */,
			);
			path = App;
			sourceTree = "<group>";
		};
		BE5BD7CE2E95164F0069EEAC = {
			isa = PBXGroup;
			children = (
				BEE8B2722EBE0926001A097A /* GoogleService-Info.plist */,
				BE5BD7D92E9516500069EEAC /* TravelAppSwiftUI */,
				BE5BD7D82E9516500069EEAC /* Products */,
			);
			sourceTree = "<group>";
		};
		BE5BD7D82E9516500069EEAC /* Products */ = {
			isa = PBXGroup;
			children = (
				BE5BD7D72E9516500069EEAC /* TravelAppSwiftUI.app */,
			);
			name = Products;
			sourceTree = "<group>";
		};
		BE5BD7D92E9516500069EEAC /* TravelAppSwiftUI */ = {
			isa = PBXGroup;
			children = (
				BE3E99AA2EBB9A3600A1719D /* App */,
				BE5BD7DE2E9516530069EEAC /* Assets.xcassets */,
				BE5BD7F72E9519950069EEAC /* Info.plist */,
				BE5BD7E92E9516930069EEAC /* DiscoverModule */,
				BE3E99A52EBB99BB00A1719D /* LoginModule */,
				BE5BD7F02E9518B00069EEAC /* Fonts */,
				BE5BD7E02E9516530069EEAC /* Preview Content */,
			);
			path = TravelAppSwiftUI;
			sourceTree = "<group>";
		};
		BE5BD7E02E9516530069EEAC /* Preview Content */ = {
			isa = PBXGroup;
			children = (
				BE5BD7E12E9516530069EEAC /* Preview Assets.xcassets */,
			);
			path = "Preview Content";
			sourceTree = "<group>";
		};
		BE5BD7E92E9516930069EEAC /* DiscoverModule */ = {
			isa = PBXGroup;
			children = (
				BEA53EE72EB8DEFC0082D22D /* Storages */,
				BE5BD7EE2E9516BE0069EEAC /* ViewModel */,
				BE5BD7ED2E9516B70069EEAC /* Model */,
				BE5BD7EB2E9516A00069EEAC /* View */,
				BE2097B62EA6773D000039B1 /* NetworkManager */,
			);
			path = DiscoverModule;
			sourceTree = "<group>";
		};
		BE5BD7EB2E9516A00069EEAC /* View */ = {
			isa = PBXGroup;
			children = (
				BEF7E5102E993383003DFEE0 /* Components */,
				BE5BD7DC2E9516500069EEAC /* ContentView.swift */,
				BE5BD7FE2E9690000069EEAC /* DiscoverView.swift */,
				BEF7E5152E9EBFD8003DFEE0 /* ProductDetailView.swift */,
			);
			path = View;
			sourceTree = "<group>";
		};
		BE5BD7ED2E9516B70069EEAC /* Model */ = {
			isa = PBXGroup;
			children = (
				BE2097B72EA677B6000039B1 /* ResponceAsync.swift */,
				BEF7E5132E9D15E2003DFEE0 /* ProductCardSize.swift */,
				BE5BD8002E9690990069EEAC /* Screen.swift */,
				BE5BD8022E96ABB60069EEAC /* Category.swift */,
				BE5BD8062E97C52C0069EEAC /* Product.swift */,
			);
			path = Model;
			sourceTree = "<group>";
		};
		BE5BD7EE2E9516BE0069EEAC /* ViewModel */ = {
			isa = PBXGroup;
			children = (
				BE5BD8042E96AD0B0069EEAC /* DiscoverViewModel.swift */,
			);
			path = ViewModel;
			sourceTree = "<group>";
		};
		BE5BD7F02E9518B00069EEAC /* Fonts */ = {
			isa = PBXGroup;
			children = (
				BE5BD7F92E951BB00069EEAC /* Merriweather-VariableFont.ttf */,
				BE5BD7F82E951BB00069EEAC /* SourceSans3-VariableFont.ttf */,
				BE5BD7FC2E951C150069EEAC /* FontProvider.swift */,
			);
			path = Fonts;
			sourceTree = "<group>";
		};
		BEA53EE72EB8DEFC0082D22D /* Storages */ = {
			isa = PBXGroup;
			children = (
				BEA53EE82EB8DF0C0082D22D /* LikesStorage.swift */,
			);
			path = Storages;
			sourceTree = "<group>";
		};
		BEF7E5102E993383003DFEE0 /* Components */ = {
			isa = PBXGroup;
			children = (
				BEF7E5112E993392003DFEE0 /* PageControl.swift */,
				BEF7E5192EA12E50003DFEE0 /* RatingView.swift */,
				BE3E999D2EBB863900A1719D /* ProductCardView.swift */,
			);
			path = Components;
			sourceTree = "<group>";
		};
/* End PBXGroup section */

/* Begin PBXNativeTarget section */
		BE5BD7D62E9516500069EEAC /* TravelAppSwiftUI */ = {
			isa = PBXNativeTarget;
			buildConfigurationList = BE5BD7E52E9516530069EEAC /* Build configuration list for PBXNativeTarget "TravelAppSwiftUI" */;
			buildPhases = (
				BE5BD7D32E9516500069EEAC /* Sources */,
				BE5BD7D42E9516500069EEAC /* Frameworks */,
				BE5BD7D52E9516500069EEAC /* Resources */,
			);
			buildRules = (
			);
			dependencies = (
			);
			name = TravelAppSwiftUI;
			packageProductDependencies = (
				BEC782E52EA7F34E00D8F878 /* Kingfisher */,
				BEE3E4AD2EBE17A50089B06E /* FirebaseAuth */,
				BEE3E4AF2EBE17A50089B06E /* FirebaseCore */,
				BEE3E4B12EBE17A50089B06E /* FirebaseDatabase */,
				BEE3E4B32EBE17A50089B06E /* FirebaseFirestore */,
				BEE3E4B52EBE17A50089B06E /* FirebaseStorage */,
			);
			productName = TravelAppSwiftUI;
			productReference = BE5BD7D72E9516500069EEAC /* TravelAppSwiftUI.app */;
			productType = "com.apple.product-type.application";
		};
/* End PBXNativeTarget section */

/* Begin PBXProject section */
		BE5BD7CF2E95164F0069EEAC /* Project object */ = {
			isa = PBXProject;
			attributes = {
				BuildIndependentTargetsInParallel = 1;
				LastSwiftUpdateCheck = 1540;
				LastUpgradeCheck = 1640;
				TargetAttributes = {
					BE5BD7D62E9516500069EEAC = {
						CreatedOnToolsVersion = 15.4;
					};
				};
			};
			buildConfigurationList = BE5BD7D22E95164F0069EEAC /* Build configuration list for PBXProject "TravelAppSwiftUI" */;
			compatibilityVersion = "Xcode 14.0";
			developmentRegion = en;
			hasScannedForEncodings = 0;
			knownRegions = (
				en,
				Base,
			);
			mainGroup = BE5BD7CE2E95164F0069EEAC;
			packageReferences = (
				BEC782E42EA7F34E00D8F878 /* XCRemoteSwiftPackageReference "Kingfisher" */,
				BEE3E4AC2EBE17A50089B06E /* XCRemoteSwiftPackageReference "firebase-ios-sdk" */,
			);
			productRefGroup = BE5BD7D82E9516500069EEAC /* Products */;
			projectDirPath = "";
			projectRoot = "";
			targets = (
				BE5BD7D62E9516500069EEAC /* TravelAppSwiftUI */,
			);
		};
/* End PBXProject section */

/* Begin PBXResourcesBuildPhase section */
		BE5BD7D52E9516500069EEAC /* Resources */ = {
			isa = PBXResourcesBuildPhase;
			buildActionMask = 2147483647;
			files = (
				BE5BD7E22E9516530069EEAC /* Preview Assets.xcassets in Resources */,
				BE5BD7DF2E9516530069EEAC /* Assets.xcassets in Resources */,
				BEE8B2732EBE0927001A097A /* GoogleService-Info.plist in Resources */,
				BE5BD7FB2E951BB00069EEAC /* Merriweather-VariableFont.ttf in Resources */,
				BE5BD7FA2E951BB00069EEAC /* SourceSans3-VariableFont.ttf in Resources */,
			);
			runOnlyForDeploymentPostprocessing = 0;
		};
/* End PBXResourcesBuildPhase section */

/* Begin PBXSourcesBuildPhase section */
		BE5BD7D32E9516500069EEAC /* Sources */ = {
			isa = PBXSourcesBuildPhase;
			buildActionMask = 2147483647;
			files = (
				BE3E99AE2EBBA0AC00A1719D /* SettingsView.swift in Sources */,
				BE5BD8012E9690990069EEAC /* Screen.swift in Sources */,
				BE5BD8072E97C52C0069EEAC /* Product.swift in Sources */,
				BEF7E5162E9EBFD8003DFEE0 /* ProductDetailView.swift in Sources */,
				BEF7E5122E993392003DFEE0 /* PageControl.swift in Sources */,
				BE2097B82EA677B6000039B1 /* ResponceAsync.swift in Sources */,
				BE5BD7EF2E9517A20069EEAC /* ContentView.swift in Sources */,
				BE3E999E2EBB863900A1719D /* ProductCardView.swift in Sources */,
				BEF7E5142E9D15E2003DFEE0 /* ProductCardSize.swift in Sources */,
				BEF7E51A2EA12E50003DFEE0 /* RatingView.swift in Sources */,
				BEE8B2712EBE02A6001A097A /* User.swift in Sources */,
				BE5BD7FD2E951C150069EEAC /* FontProvider.swift in Sources */,
				BE3E99A02EBB88EF00A1719D /* LoginView.swift in Sources */,
				BE5BD8052E96AD0B0069EEAC /* DiscoverViewModel.swift in Sources */,
				BE3E99AC2EBB9AD700A1719D /* ProfileView.swift in Sources */,
				BE5BD7DB2E9516500069EEAC /* TravelAppSwiftUIApp.swift in Sources */,
				BE3E99A42EBB8ABA00A1719D /* RegistrationView.swift in Sources */,
				BE5A186D2EBE677800B85364 /* AuthViewModel.swift in Sources */,
				BE2097BA2EA677C3000039B1 /* NetworkManagerAsync.swift in Sources */,
				BE5BD7FF2E9690000069EEAC /* DiscoverView.swift in Sources */,
				BE3E99A22EBB891400A1719D /* InputView.swift in Sources */,
				BE5BD8032E96ABB60069EEAC /* Category.swift in Sources */,
				BEA53EE92EB8DF0C0082D22D /* LikesStorage.swift in Sources */,
			);
			runOnlyForDeploymentPostprocessing = 0;
		};
/* End PBXSourcesBuildPhase section */

/* Begin XCBuildConfiguration section */
		BE5BD7E32E9516530069EEAC /* Debug */ = {
			isa = XCBuildConfiguration;
			buildSettings = {
				ALWAYS_SEARCH_USER_PATHS = NO;
				ASSETCATALOG_COMPILER_GENERATE_SWIFT_ASSET_SYMBOL_EXTENSIONS = YES;
				CLANG_ANALYZER_NONNULL = YES;
				CLANG_ANALYZER_NUMBER_OBJECT_CONVERSION = YES_AGGRESSIVE;
				CLANG_CXX_LANGUAGE_STANDARD = "gnu++20";
				CLANG_ENABLE_MODULES = YES;
				CLANG_ENABLE_OBJC_ARC = YES;
				CLANG_ENABLE_OBJC_WEAK = YES;
				CLANG_WARN_BLOCK_CAPTURE_AUTORELEASING = YES;
				CLANG_WARN_BOOL_CONVERSION = YES;
				CLANG_WARN_COMMA = YES;
				CLANG_WARN_CONSTANT_CONVERSION = YES;
				CLANG_WARN_DEPRECATED_OBJC_IMPLEMENTATIONS = YES;
				CLANG_WARN_DIRECT_OBJC_ISA_USAGE = YES_ERROR;
				CLANG_WARN_DOCUMENTATION_COMMENTS = YES;
				CLANG_WARN_EMPTY_BODY = YES;
				CLANG_WARN_ENUM_CONVERSION = YES;
				CLANG_WARN_INFINITE_RECURSION = YES;
				CLANG_WARN_INT_CONVERSION = YES;
				CLANG_WARN_NON_LITERAL_NULL_CONVERSION = YES;
				CLANG_WARN_OBJC_IMPLICIT_RETAIN_SELF = YES;
				CLANG_WARN_OBJC_LITERAL_CONVERSION = YES;
				CLANG_WARN_OBJC_ROOT_CLASS = YES_ERROR;
				CLANG_WARN_QUOTED_INCLUDE_IN_FRAMEWORK_HEADER = YES;
				CLANG_WARN_RANGE_LOOP_ANALYSIS = YES;
				CLANG_WARN_STRICT_PROTOTYPES = YES;
				CLANG_WARN_SUSPICIOUS_MOVE = YES;
				CLANG_WARN_UNGUARDED_AVAILABILITY = YES_AGGRESSIVE;
				CLANG_WARN_UNREACHABLE_CODE = YES;
				CLANG_WARN__DUPLICATE_METHOD_MATCH = YES;
				COPY_PHASE_STRIP = NO;
				DEBUG_INFORMATION_FORMAT = dwarf;
				DEVELOPMENT_TEAM = XM72G87H9Q;
				ENABLE_STRICT_OBJC_MSGSEND = YES;
				ENABLE_TESTABILITY = YES;
				ENABLE_USER_SCRIPT_SANDBOXING = YES;
				GCC_C_LANGUAGE_STANDARD = gnu17;
				GCC_DYNAMIC_NO_PIC = NO;
				GCC_NO_COMMON_BLOCKS = YES;
				GCC_OPTIMIZATION_LEVEL = 0;
				GCC_PREPROCESSOR_DEFINITIONS = (
					"DEBUG=1",
					"$(inherited)",
				);
				GCC_WARN_64_TO_32_BIT_CONVERSION = YES;
				GCC_WARN_ABOUT_RETURN_TYPE = YES_ERROR;
				GCC_WARN_UNDECLARED_SELECTOR = YES;
				GCC_WARN_UNINITIALIZED_AUTOS = YES_AGGRESSIVE;
				GCC_WARN_UNUSED_FUNCTION = YES;
				GCC_WARN_UNUSED_VARIABLE = YES;
				IPHONEOS_DEPLOYMENT_TARGET = 17.5;
				LOCALIZATION_PREFERS_STRING_CATALOGS = YES;
				MTL_ENABLE_DEBUG_INFO = INCLUDE_SOURCE;
				MTL_FAST_MATH = YES;
				ONLY_ACTIVE_ARCH = YES;
				SDKROOT = iphoneos;
				SWIFT_ACTIVE_COMPILATION_CONDITIONS = "DEBUG $(inherited)";
				SWIFT_OPTIMIZATION_LEVEL = "-Onone";
			};
			name = Debug;
		};
		BE5BD7E42E9516530069EEAC /* Release */ = {
			isa = XCBuildConfiguration;
			buildSettings = {
				ALWAYS_SEARCH_USER_PATHS = NO;
				ASSETCATALOG_COMPILER_GENERATE_SWIFT_ASSET_SYMBOL_EXTENSIONS = YES;
				CLANG_ANALYZER_NONNULL = YES;
				CLANG_ANALYZER_NUMBER_OBJECT_CONVERSION = YES_AGGRESSIVE;
				CLANG_CXX_LANGUAGE_STANDARD = "gnu++20";
				CLANG_ENABLE_MODULES = YES;
				CLANG_ENABLE_OBJC_ARC = YES;
				CLANG_ENABLE_OBJC_WEAK = YES;
				CLANG_WARN_BLOCK_CAPTURE_AUTORELEASING = YES;
				CLANG_WARN_BOOL_CONVERSION = YES;
				CLANG_WARN_COMMA = YES;
				CLANG_WARN_CONSTANT_CONVERSION = YES;
				CLANG_WARN_DEPRECATED_OBJC_IMPLEMENTATIONS = YES;
				CLANG_WARN_DIRECT_OBJC_ISA_USAGE = YES_ERROR;
				CLANG_WARN_DOCUMENTATION_COMMENTS = YES;
				CLANG_WARN_EMPTY_BODY = YES;
				CLANG_WARN_ENUM_CONVERSION = YES;
				CLANG_WARN_INFINITE_RECURSION = YES;
				CLANG_WARN_INT_CONVERSION = YES;
				CLANG_WARN_NON_LITERAL_NULL_CONVERSION = YES;
				CLANG_WARN_OBJC_IMPLICIT_RETAIN_SELF = YES;
				CLANG_WARN_OBJC_LITERAL_CONVERSION = YES;
				CLANG_WARN_OBJC_ROOT_CLASS = YES_ERROR;
				CLANG_WARN_QUOTED_INCLUDE_IN_FRAMEWORK_HEADER = YES;
				CLANG_WARN_RANGE_LOOP_ANALYSIS = YES;
				CLANG_WARN_STRICT_PROTOTYPES = YES;
				CLANG_WARN_SUSPICIOUS_MOVE = YES;
				CLANG_WARN_UNGUARDED_AVAILABILITY = YES_AGGRESSIVE;
				CLANG_WARN_UNREACHABLE_CODE = YES;
				CLANG_WARN__DUPLICATE_METHOD_MATCH = YES;
				COPY_PHASE_STRIP = NO;
				DEBUG_INFORMATION_FORMAT = "dwarf-with-dsym";
				DEVELOPMENT_TEAM = XM72G87H9Q;
				ENABLE_NS_ASSERTIONS = NO;
				ENABLE_STRICT_OBJC_MSGSEND = YES;
				ENABLE_USER_SCRIPT_SANDBOXING = YES;
				GCC_C_LANGUAGE_STANDARD = gnu17;
				GCC_NO_COMMON_BLOCKS = YES;
				GCC_WARN_64_TO_32_BIT_CONVERSION = YES;
				GCC_WARN_ABOUT_RETURN_TYPE = YES_ERROR;
				GCC_WARN_UNDECLARED_SELECTOR = YES;
				GCC_WARN_UNINITIALIZED_AUTOS = YES_AGGRESSIVE;
				GCC_WARN_UNUSED_FUNCTION = YES;
				GCC_WARN_UNUSED_VARIABLE = YES;
				IPHONEOS_DEPLOYMENT_TARGET = 17.5;
				LOCALIZATION_PREFERS_STRING_CATALOGS = YES;
				MTL_ENABLE_DEBUG_INFO = NO;
				MTL_FAST_MATH = YES;
				SDKROOT = iphoneos;
				SWIFT_COMPILATION_MODE = wholemodule;
				VALIDATE_PRODUCT = YES;
			};
			name = Release;
		};
		BE5BD7E62E9516530069EEAC /* Debug */ = {
			isa = XCBuildConfiguration;
			buildSettings = {
				ASSETCATALOG_COMPILER_APPICON_NAME = AppIcon;
				ASSETCATALOG_COMPILER_GLOBAL_ACCENT_COLOR_NAME = AccentColor;
				CODE_SIGN_STYLE = Automatic;
				CURRENT_PROJECT_VERSION = 1;
				DEVELOPMENT_ASSET_PATHS = "\"TravelAppSwiftUI/Preview Content\"";
				ENABLE_PREVIEWS = YES;
				GENERATE_INFOPLIST_FILE = YES;
				INFOPLIST_FILE = TravelAppSwiftUI/Info.plist;
				INFOPLIST_KEY_UIApplicationSceneManifest_Generation = YES;
				INFOPLIST_KEY_UIApplicationSupportsIndirectInputEvents = YES;
				INFOPLIST_KEY_UILaunchScreen_Generation = YES;
				INFOPLIST_KEY_UISupportedInterfaceOrientations_iPad = "UIInterfaceOrientationPortrait UIInterfaceOrientationPortraitUpsideDown UIInterfaceOrientationLandscapeLeft UIInterfaceOrientationLandscapeRight";
				INFOPLIST_KEY_UISupportedInterfaceOrientations_iPhone = "UIInterfaceOrientationPortrait UIInterfaceOrientationLandscapeLeft UIInterfaceOrientationLandscapeRight";
				LD_RUNPATH_SEARCH_PATHS = (
					"$(inherited)",
					"@executable_path/Frameworks",
				);
				MARKETING_VERSION = 1.0;
				PRODUCT_BUNDLE_IDENTIFIER = com.polina.TravelAppSwiftUI;
				PRODUCT_NAME = "$(TARGET_NAME)";
				SWIFT_EMIT_LOC_STRINGS = YES;
				SWIFT_VERSION = 5.0;
				TARGETED_DEVICE_FAMILY = "1,2";
			};
			name = Debug;
		};
		BE5BD7E72E9516530069EEAC /* Release */ = {
			isa = XCBuildConfiguration;
			buildSettings = {
				ASSETCATALOG_COMPILER_APPICON_NAME = AppIcon;
				ASSETCATALOG_COMPILER_GLOBAL_ACCENT_COLOR_NAME = AccentColor;
				CODE_SIGN_STYLE = Automatic;
				CURRENT_PROJECT_VERSION = 1;
				DEVELOPMENT_ASSET_PATHS = "\"TravelAppSwiftUI/Preview Content\"";
				ENABLE_PREVIEWS = YES;
				GENERATE_INFOPLIST_FILE = YES;
				INFOPLIST_FILE = TravelAppSwiftUI/Info.plist;
				INFOPLIST_KEY_UIApplicationSceneManifest_Generation = YES;
				INFOPLIST_KEY_UIApplicationSupportsIndirectInputEvents = YES;
				INFOPLIST_KEY_UILaunchScreen_Generation = YES;
				INFOPLIST_KEY_UISupportedInterfaceOrientations_iPad = "UIInterfaceOrientationPortrait UIInterfaceOrientationPortraitUpsideDown UIInterfaceOrientationLandscapeLeft UIInterfaceOrientationLandscapeRight";
				INFOPLIST_KEY_UISupportedInterfaceOrientations_iPhone = "UIInterfaceOrientationPortrait UIInterfaceOrientationLandscapeLeft UIInterfaceOrientationLandscapeRight";
				LD_RUNPATH_SEARCH_PATHS = (
					"$(inherited)",
					"@executable_path/Frameworks",
				);
				MARKETING_VERSION = 1.0;
				PRODUCT_BUNDLE_IDENTIFIER = com.polina.TravelAppSwiftUI;
				PRODUCT_NAME = "$(TARGET_NAME)";
				SWIFT_EMIT_LOC_STRINGS = YES;
				SWIFT_VERSION = 5.0;
				TARGETED_DEVICE_FAMILY = "1,2";
			};
			name = Release;
		};
/* End XCBuildConfiguration section */

/* Begin XCConfigurationList section */
		BE5BD7D22E95164F0069EEAC /* Build configuration list for PBXProject "TravelAppSwiftUI" */ = {
			isa = XCConfigurationList;
			buildConfigurations = (
				BE5BD7E32E9516530069EEAC /* Debug */,
				BE5BD7E42E9516530069EEAC /* Release */,
			);
			defaultConfigurationIsVisible = 0;
			defaultConfigurationName = Release;
		};
		BE5BD7E52E9516530069EEAC /* Build configuration list for PBXNativeTarget "TravelAppSwiftUI" */ = {
			isa = XCConfigurationList;
			buildConfigurations = (
				BE5BD7E62E9516530069EEAC /* Debug */,
				BE5BD7E72E9516530069EEAC /* Release */,
			);
			defaultConfigurationIsVisible = 0;
			defaultConfigurationName = Release;
		};
/* End XCConfigurationList section */

/* Begin XCRemoteSwiftPackageReference section */
		BEC782E42EA7F34E00D8F878 /* XCRemoteSwiftPackageReference "Kingfisher" */ = {
			isa = XCRemoteSwiftPackageReference;
			repositoryURL = "https://github.com/onevcat/Kingfisher";
			requirement = {
				kind = upToNextMajorVersion;
				minimumVersion = 8.6.0;
			};
		};
		BEE3E4AC2EBE17A50089B06E /* XCRemoteSwiftPackageReference "firebase-ios-sdk" */ = {
			isa = XCRemoteSwiftPackageReference;
			repositoryURL = "https://github.com/firebase/firebase-ios-sdk";
			requirement = {
				kind = upToNextMajorVersion;
				minimumVersion = 12.0.0;
			};
		};
/* End XCRemoteSwiftPackageReference section */

/* Begin XCSwiftPackageProductDependency section */
		BEC782E52EA7F34E00D8F878 /* Kingfisher */ = {
			isa = XCSwiftPackageProductDependency;
			package = BEC782E42EA7F34E00D8F878 /* XCRemoteSwiftPackageReference "Kingfisher" */;
			productName = Kingfisher;
		};
		BEE3E4AD2EBE17A50089B06E /* FirebaseAuth */ = {
			isa = XCSwiftPackageProductDependency;
			package = BEE3E4AC2EBE17A50089B06E /* XCRemoteSwiftPackageReference "firebase-ios-sdk" */;
			productName = FirebaseAuth;
		};
		BEE3E4AF2EBE17A50089B06E /* FirebaseCore */ = {
			isa = XCSwiftPackageProductDependency;
			package = BEE3E4AC2EBE17A50089B06E /* XCRemoteSwiftPackageReference "firebase-ios-sdk" */;
			productName = FirebaseCore;
		};
		BEE3E4B12EBE17A50089B06E /* FirebaseDatabase */ = {
			isa = XCSwiftPackageProductDependency;
			package = BEE3E4AC2EBE17A50089B06E /* XCRemoteSwiftPackageReference "firebase-ios-sdk" */;
			productName = FirebaseDatabase;
		};
		BEE3E4B32EBE17A50089B06E /* FirebaseFirestore */ = {
			isa = XCSwiftPackageProductDependency;
			package = BEE3E4AC2EBE17A50089B06E /* XCRemoteSwiftPackageReference "firebase-ios-sdk" */;
			productName = FirebaseFirestore;
		};
		BEE3E4B52EBE17A50089B06E /* FirebaseStorage */ = {
			isa = XCSwiftPackageProductDependency;
			package = BEE3E4AC2EBE17A50089B06E /* XCRemoteSwiftPackageReference "firebase-ios-sdk" */;
			productName = FirebaseStorage;
		};
/* End XCSwiftPackageProductDependency section */
	};
	rootObject = BE5BD7CF2E95164F0069EEAC /* Project object */;
}
